<?xml version="1.0" encoding="UTF-8" standalone="yes" ?>
<CodeBlocks_project_file>
	<FileVersion major="1" minor="6" />
	<Project>
		<Option title="CursoSDLHello" />
		<Option pch_mode="2" />
		<Option compiler="gcc" />
		<Build>
			<Target title="Debug">
				<Option output="bin/Debug/CursoSDLHello" prefix_auto="1" extension_auto="1" />
				<Option object_output="obj/Debug/" />
				<Option type="1" />
				<Option compiler="gcc" />
				<Compiler>
					<Add option="-g" />
					<Add directory="include" />
				</Compiler>
			</Target>
			<Target title="Release">
				<Option output="bin/Release/CursoSDLHello" prefix_auto="1" extension_auto="1" />
				<Option object_output="obj/Release/" />
				<Option type="0" />
				<Option compiler="gcc" />
				<Compiler>
					<Add option="-O2" />
					<Add directory="include" />
				</Compiler>
				<Linker>
					<Add option="-s" />
				</Linker>
			</Target>
		</Build>
		<Compiler>
			<Add option="-Wall" />
			<Add option="`sdl2-config --cflags`" />
		</Compiler>
		<Linker>
			<Add option="`sdl2-config --libs`" />
			<Add library="SDL2_image" />
		</Linker>
		<Unit filename="README.md">
			<Option target="&lt;{~None~}&gt;" />
		</Unit>
		<Unit filename="include/Enemy.h" />
		<Unit filename="include/Game.h" />
		<Unit filename="include/GameObject.h" />
		<Unit filename="include/LoaderParams.h" />
		<Unit filename="include/Player.h" />
		<Unit filename="include/SDLGameObject.h" />
		<Unit filename="include/TextureManager.h" />
		<Unit filename="main.cpp" />
		<Unit filename="src/Enemy.cpp" />
		<Unit filename="src/Game.cpp" />
		<Unit filename="src/GameObject.cpp" />
		<Unit filename="src/LoaderParams.cpp" />
		<Unit filename="src/Player.cpp" />
		<Unit filename="src/SDLGameObject.cpp" />
		<Unit filename="src/TextureManager.cpp" />
		<Extensions>
			<envvars />
			<code_completion />
			<debugger />
		</Extensions>
	</Project>
</CodeBlocks_project_file>
